
Microsoft Visual Studio Solution File, Format Version 12.00
# Visual Studio Version 16
VisualStudioVersion = 16.0.33027.164
MinimumVisualStudioVersion = 10.0.40219.1
Project("{FAE04EC0-301F-11D3-BF4B-00C04F79EFBC}") = "extra", "extra\extra.csproj", "{36C23BD2-86F8-4DC0-9D11-8029CC7ACA6C}"
EndProject
Global
	GlobalSection(SolutionConfigurationPlatforms) = preSolution
		Debug|Any CPU = Debug|Any CPU
		Release|Any CPU = Release|Any CPU
	EndGlobalSection
	GlobalSection(ProjectConfigurationPlatforms) = postSolution
		{36C23BD2-86F8-4DC0-9D11-8029CC7ACA6C}.Debug|Any CPU.ActiveCfg = Debug|Any CPU
		{36C23BD2-86F8-4DC0-9D11-8029CC7ACA6C}.Debug|Any CPU.Build.0 = Debug|Any CPU
		{36C23BD2-86F8-4DC0-9D11-8029CC7ACA6C}.Release|Any CPU.ActiveCfg = Release|Any CPU
		{36C23BD2-86F8-4DC0-9D11-8029CC7ACA6C}.Release|Any CPU.Build.0 = Release|Any CPU
	EndGlobalSection
	GlobalSection(SolutionProperties) = preSolution
		HideSolutionNode = FALSE
	EndGlobalSection
	GlobalSection(ExtensibilityGlobals) = postSolution
		SolutionGuid = {B4E4C167-3D62-48D0-9EF8-0E24D09B4DC1}
	EndGlobalSection
EndGlobal
